{
  "name": "mondelez",
  "version": "1.0.0",
  "lockfileVersion": 3,
  "requires": true,
  "packages": {
    "": {
      "name": "mondelez",
      "version": "1.0.0",
      "license": "ISC",
      "dependencies": {
        "esm": "^3.2.25",
        "node-netcat": "^1.4.8"
      },
      "devDependencies": {}
    },
    "node_modules/esm": {
      "version": "3.2.25",
      "resolved": "https://registry.npmjs.org/esm/-/esm-3.2.25.tgz",
      "integrity": "sha512-U1suiZ2oDVWv4zPO56S0NcR5QriEahGtdN2OR6FiOG4WJvcjBVFB0qI4+eKoWFH483PKGuLuu6V8Z4T5g63UVA==",
      "engines": {
        "node": ">=6"
      }
    },
    "node_modules/lasync": {
      "version": "1.1.0",
      "resolved": "https://registry.npmjs.org/lasync/-/lasync-1.1.0.tgz",
      "integrity": "sha512-xS62p4/rqguL6TMJwPxKaFnNPbd9G9JrVVN0PyEY7G3QwXFYl1RKlc7MniNHaJDZYh8xl10VLqsJrSp7F3vhcA=="
    },
    "node_modules/node-netcat": {
      "version": "1.4.8",
      "resolved": "https://registry.npmjs.org/node-netcat/-/node-netcat-1.4.8.tgz",
      "integrity": "sha512-tamgJaH+vDH2wXljq8kObQhrllvJh6+DIMTD66ofjG9TCWlV4AFqS1wXV0gki8CuxZX+S5CAbyE+M1PuSzkyqQ==",
      "dependencies": {
        "lasync": "~1.1.0",
        "underscore": "~1.6.0"
      }
    },
    "node_modules/underscore": {
      "version": "1.6.0",
      "resolved": "https://registry.npmjs.org/underscore/-/underscore-1.6.0.tgz",
      "integrity": "sha512-z4o1fvKUojIWh9XuaVLUDdf86RQiq13AC1dmHbTpoyuu+bquHms76v16CjycCbec87J7z0k//SiQVk0sMdFmpQ=="
    }
  }
}
